
Microsoft Visual Studio Solution File, Format Version 12.00
# Visual Studio 15
VisualStudioVersion = 15.0.28307.757
MinimumVisualStudioVersion = 10.0.40219.1
Project("{FAE04EC0-301F-11D3-BF4B-00C04F79EFBC}") = "Cleveland", "Cleveland\Cleveland.csproj", "{C8CF2988-43B8-4801-84E6-A2614C174E59}"
EndProject
Global
	GlobalSection(SolutionConfigurationPlatforms) = preSolution
		Debug|Any CPU = Debug|Any CPU
		Release|Any CPU = Release|Any CPU
	EndGlobalSection
	GlobalSection(ProjectConfigurationPlatforms) = postSolution
		{C8CF2988-43B8-4801-84E6-A2614C174E59}.Debug|Any CPU.ActiveCfg = Debug|Any CPU
		{C8CF2988-43B8-4801-84E6-A2614C174E59}.Debug|Any CPU.Build.0 = Debug|Any CPU
		{C8CF2988-43B8-4801-84E6-A2614C174E59}.Release|Any CPU.ActiveCfg = Release|Any CPU
		{C8CF2988-43B8-4801-84E6-A2614C174E59}.Release|Any CPU.Build.0 = Release|Any CPU
	EndGlobalSection
	GlobalSection(SolutionProperties) = preSolution
		HideSolutionNode = FALSE
	EndGlobalSection
	GlobalSection(ExtensibilityGlobals) = postSolution
		SolutionGuid = {4762CF61-2C07-4423-9562-398112F79834}
	EndGlobalSection
EndGlobal
